
Microsoft Visual Studio Solution File, Format Version 12.00
# Visual Studio Version 17
VisualStudioVersion = 17.7.34031.279
MinimumVisualStudioVersion = 10.0.40219.1
Project("{FAE04EC0-301F-11D3-BF4B-00C04F79EFBC}") = "3.Variables", "3.Variables.csproj", "{04E5A710-FCE9-47DF-A7BE-185DC4703834}"
EndProject
Global
	GlobalSection(SolutionConfigurationPlatforms) = preSolution
		Debug|Any CPU = Debug|Any CPU
		Release|Any CPU = Release|Any CPU
	EndGlobalSection
	GlobalSection(ProjectConfigurationPlatforms) = postSolution
		{04E5A710-FCE9-47DF-A7BE-185DC4703834}.Debug|Any CPU.ActiveCfg = Debug|Any CPU
		{04E5A710-FCE9-47DF-A7BE-185DC4703834}.Debug|Any CPU.Build.0 = Debug|Any CPU
		{04E5A710-FCE9-47DF-A7BE-185DC4703834}.Release|Any CPU.ActiveCfg = Release|Any CPU
		{04E5A710-FCE9-47DF-A7BE-185DC4703834}.Release|Any CPU.Build.0 = Release|Any CPU
	EndGlobalSection
	GlobalSection(SolutionProperties) = preSolution
		HideSolutionNode = FALSE
	EndGlobalSection
	GlobalSection(ExtensibilityGlobals) = postSolution
		SolutionGuid = {32D2218C-046F-4103-B5A0-E24245BC0885}
	EndGlobalSection
EndGlobal
